{
  "name": "shapes",
  "requires": true,
  "lockfileVersion": 1,
  "dependencies": {
    "pex-random": {
      "version": "1.0.1",
      "resolved": "https://registry.npmjs.org/pex-random/-/pex-random-1.0.1.tgz",
      "integrity": "sha1-Cwp9kOLgV9V3d+2ROjm3IlUxm+U=",
      "requires": {
        "seedrandom": "^2.3.10",
        "simplex-noise": "2.1.1"
      }
    },
    "seedrandom": {
      "version": "2.4.4",
      "resolved": "https://registry.npmjs.org/seedrandom/-/seedrandom-2.4.4.tgz",
      "integrity": "sha512-9A+PDmgm+2du77B5i0Ip2cxOqqHjgNxnBgglxLcX78A2D6c2rTo61z4jnVABpF4cKeDMDG+cmXXvdnqse2VqMA=="
    },
    "simplex-noise": {
      "version": "2.1.1",
      "resolved": "https://registry.npmjs.org/simplex-noise/-/simplex-noise-2.1.1.tgz",
      "integrity": "sha1-kuZ4XxaptanxMdHplsM3q/X0KF0="
    }
  }
}
